
Microsoft Visual Studio Solution File, Format Version 12.00
# Visual Studio Version 16
VisualStudioVersion = 16.0.31005.135
MinimumVisualStudioVersion = 10.0.40219.1
Project("{FAE04EC0-301F-11D3-BF4B-00C04F79EFBC}") = "Tarea8CrearRegistroConLogin", "Tarea8CrearRegistroConLogin.csproj", "{4A5F3560-8F45-49F6-820B-60C16A715D76}"
EndProject
Global
	GlobalSection(SolutionConfigurationPlatforms) = preSolution
		Debug|Any CPU = Debug|Any CPU
		Release|Any CPU = Release|Any CPU
	EndGlobalSection
	GlobalSection(ProjectConfigurationPlatforms) = postSolution
		{4A5F3560-8F45-49F6-820B-60C16A715D76}.Debug|Any CPU.ActiveCfg = Debug|Any CPU
		{4A5F3560-8F45-49F6-820B-60C16A715D76}.Debug|Any CPU.Build.0 = Debug|Any CPU
		{4A5F3560-8F45-49F6-820B-60C16A715D76}.Release|Any CPU.ActiveCfg = Release|Any CPU
		{4A5F3560-8F45-49F6-820B-60C16A715D76}.Release|Any CPU.Build.0 = Release|Any CPU
	EndGlobalSection
	GlobalSection(SolutionProperties) = preSolution
		HideSolutionNode = FALSE
	EndGlobalSection
	GlobalSection(ExtensibilityGlobals) = postSolution
		SolutionGuid = {13C5D01A-BA88-4576-98E9-75317BDE758B}
	EndGlobalSection
EndGlobal
